
Microsoft Visual Studio Solution File, Format Version 12.00
# Visual Studio Version 16
VisualStudioVersion = 16.0.29123.88
MinimumVisualStudioVersion = 10.0.40219.1
Project("{FAE04EC0-301F-11D3-BF4B-00C04F79EFBC}") = "CommandLine", "CommandLine\CommandLine.csproj", "{120EF86C-6709-4F63-B645-60FE05587042}"
EndProject
Project("{FAE04EC0-301F-11D3-BF4B-00C04F79EFBC}") = "CommandLine.UnitTest", "CommandLine.UnitTest\CommandLine.UnitTest.csproj", "{033F80E4-ABB9-45B8-972A-04D8486418CB}"
EndProject
Global
	GlobalSection(SolutionConfigurationPlatforms) = preSolution
		Debug|Any CPU = Debug|Any CPU
		Release|Any CPU = Release|Any CPU
	EndGlobalSection
	GlobalSection(ProjectConfigurationPlatforms) = postSolution
		{120EF86C-6709-4F63-B645-60FE05587042}.Debug|Any CPU.ActiveCfg = Debug|Any CPU
		{120EF86C-6709-4F63-B645-60FE05587042}.Debug|Any CPU.Build.0 = Debug|Any CPU
		{120EF86C-6709-4F63-B645-60FE05587042}.Release|Any CPU.ActiveCfg = Release|Any CPU
		{120EF86C-6709-4F63-B645-60FE05587042}.Release|Any CPU.Build.0 = Release|Any CPU
		{033F80E4-ABB9-45B8-972A-04D8486418CB}.Debug|Any CPU.ActiveCfg = Debug|Any CPU
		{033F80E4-ABB9-45B8-972A-04D8486418CB}.Debug|Any CPU.Build.0 = Debug|Any CPU
		{033F80E4-ABB9-45B8-972A-04D8486418CB}.Release|Any CPU.ActiveCfg = Release|Any CPU
		{033F80E4-ABB9-45B8-972A-04D8486418CB}.Release|Any CPU.Build.0 = Release|Any CPU
	EndGlobalSection
	GlobalSection(SolutionProperties) = preSolution
		HideSolutionNode = FALSE
	EndGlobalSection
	GlobalSection(ExtensibilityGlobals) = postSolution
		SolutionGuid = {64A8D905-AB10-4D93-B6D7-D3DAFC3F8FD2}
	EndGlobalSection
EndGlobal
