
Microsoft Visual Studio Solution File, Format Version 12.00
# Visual Studio Version 17
VisualStudioVersion = 17.5.33502.453
MinimumVisualStudioVersion = 10.0.40219.1
Project("{9A19103F-16F7-4668-BE54-9A1E7A4F7556}") = "CommandLine", "CommandLine\CommandLine.csproj", "{04207671-5118-4181-80D6-B9252338E9AA}"
EndProject
Project("{9A19103F-16F7-4668-BE54-9A1E7A4F7556}") = "CommandLine.UnitTest", "CommandLine.UnitTest\CommandLine.UnitTest.csproj", "{7B1B0271-B639-4E93-998A-1E520E612CB7}"
EndProject
Project("{2150E333-8FDC-42A3-9474-1A3956D46DE8}") = "Solution Items", "Solution Items", "{684EBAC2-AD40-49AE-8389-2A2D98C568CF}"
	ProjectSection(SolutionItems) = preProject
		..\README.md = ..\README.md
	EndProjectSection
EndProject
Global
	GlobalSection(SolutionConfigurationPlatforms) = preSolution
		Debug|Any CPU = Debug|Any CPU
		Release|Any CPU = Release|Any CPU
	EndGlobalSection
	GlobalSection(ProjectConfigurationPlatforms) = postSolution
		{04207671-5118-4181-80D6-B9252338E9AA}.Debug|Any CPU.ActiveCfg = Debug|Any CPU
		{04207671-5118-4181-80D6-B9252338E9AA}.Debug|Any CPU.Build.0 = Debug|Any CPU
		{04207671-5118-4181-80D6-B9252338E9AA}.Release|Any CPU.ActiveCfg = Release|Any CPU
		{04207671-5118-4181-80D6-B9252338E9AA}.Release|Any CPU.Build.0 = Release|Any CPU
		{7B1B0271-B639-4E93-998A-1E520E612CB7}.Debug|Any CPU.ActiveCfg = Debug|Any CPU
		{7B1B0271-B639-4E93-998A-1E520E612CB7}.Debug|Any CPU.Build.0 = Debug|Any CPU
		{7B1B0271-B639-4E93-998A-1E520E612CB7}.Release|Any CPU.ActiveCfg = Release|Any CPU
		{7B1B0271-B639-4E93-998A-1E520E612CB7}.Release|Any CPU.Build.0 = Release|Any CPU
	EndGlobalSection
	GlobalSection(SolutionProperties) = preSolution
		HideSolutionNode = FALSE
	EndGlobalSection
	GlobalSection(ExtensibilityGlobals) = postSolution
		SolutionGuid = {3322674F-A4CA-4194-AFF0-74B074FBF6E8}
	EndGlobalSection
EndGlobal
